# @generated - this file is auto-generated by `mise lock` https://mise.en.dev/dev-tools/mise-lock.html

[[tools."aqua:asciinema/agg"]]
version = "1.8.1"
backend = "aqua:asciinema/agg"

[tools."aqua:asciinema/agg"."platforms.linux-arm64"]
checksum = "sha256:0056ce935c01762bbdb79fd97b156c4fe98ea15eb25a95a508c244c612684598"
url = "https://github.com/asciinema/agg/releases/download/v1.8.1/agg-aarch64-unknown-linux-gnu"

[tools."aqua:asciinema/agg"."platforms.linux-x64"]
checksum = "sha256:e493a6cbcfcdf07d6cdbd45c0f5e74a2186d8a15e522734514aac4ad14f1b078"
url = "https://github.com/asciinema/agg/releases/download/v1.8.1/agg-x86_64-unknown-linux-musl"

[tools."aqua:asciinema/agg"."platforms.linux-x64-musl"]
checksum = "sha256:e493a6cbcfcdf07d6cdbd45c0f5e74a2186d8a15e522734514aac4ad14f1b078"
url = "https://github.com/asciinema/agg/releases/download/v1.8.1/agg-x86_64-unknown-linux-musl"

[tools."aqua:asciinema/agg"."platforms.macos-arm64"]
checksum = "sha256:f1d0f9b42d214a13d37c897f8e44336ee3996fc1e14b9c04b6f48a977b089d26"
url = "https://github.com/asciinema/agg/releases/download/v1.8.1/agg-aarch64-apple-darwin"

[tools."aqua:asciinema/agg"."platforms.macos-x64"]
checksum = "sha256:bd41dbe6dccf25e7bf356ab8e6ba4d3e834a5b270e41c5211c0e9a26f25f3778"
url = "https://github.com/asciinema/agg/releases/download/v1.8.1/agg-x86_64-apple-darwin"

[tools."aqua:asciinema/agg"."platforms.windows-x64"]
checksum = "sha256:31acc4629c9faab3a2465e5521ef8a2623076e99111f925c005c5673cd46ccc5"
url = "https://github.com/asciinema/agg/releases/download/v1.8.1/agg-x86_64-pc-windows-msvc.exe"

[[tools."aqua:asciinema/asciinema"]]
version = "3.2.0"
backend = "aqua:asciinema/asciinema"

[tools."aqua:asciinema/asciinema"."platforms.linux-arm64"]
checksum = "sha256:f7f92769f7b4150df2835ddd4eda067b0786d0d734284a0f9c2aaa2514e8beb6"
url = "https://github.com/asciinema/asciinema/releases/download/v3.2.0/asciinema-aarch64-unknown-linux-gnu"

[tools."aqua:asciinema/asciinema"."platforms.linux-arm64-musl"]
checksum = "sha256:f7f92769f7b4150df2835ddd4eda067b0786d0d734284a0f9c2aaa2514e8beb6"
url = "https://github.com/asciinema/asciinema/releases/download/v3.2.0/asciinema-aarch64-unknown-linux-gnu"

[tools."aqua:asciinema/asciinema"."platforms.linux-x64"]
checksum = "sha256:34cf9ddb54df166878a213d5173af4d5f9df9564ab8b1054a080408bce0b720e"
url = "https://github.com/asciinema/asciinema/releases/download/v3.2.0/asciinema-x86_64-unknown-linux-musl"

[tools."aqua:asciinema/asciinema"."platforms.linux-x64-musl"]
checksum = "sha256:34cf9ddb54df166878a213d5173af4d5f9df9564ab8b1054a080408bce0b720e"
url = "https://github.com/asciinema/asciinema/releases/download/v3.2.0/asciinema-x86_64-unknown-linux-musl"

[tools."aqua:asciinema/asciinema"."platforms.macos-arm64"]
checksum = "sha256:bdde8367f343ed61fdc7fd942657bcd050b15cce67005f72e1a54b7fda20e5ea"
url = "https://github.com/asciinema/asciinema/releases/download/v3.2.0/asciinema-aarch64-apple-darwin"

[tools."aqua:asciinema/asciinema"."platforms.macos-x64"]
checksum = "sha256:a76ef31773c7f0f0e2fa18c0517dca571968b509156e6771df02c35f4279791f"
url = "https://github.com/asciinema/asciinema/releases/download/v3.2.0/asciinema-x86_64-apple-darwin"

[[tools.github-cli]]
version = "2.92.0"
backend = "aqua:cli/cli"

[tools.github-cli."platforms.linux-arm64"]
checksum = "sha256:c2248526dd0160c08d3fccca2332c3c1a07c15a78b23978e77735f1b5a18cfee"
url = "https://github.com/cli/cli/releases/download/v2.92.0/gh_2.92.0_linux_arm64.tar.gz"
provenance = "github-attestations"

[tools.github-cli."platforms.linux-arm64-musl"]
checksum = "sha256:c2248526dd0160c08d3fccca2332c3c1a07c15a78b23978e77735f1b5a18cfee"
url = "https://github.com/cli/cli/releases/download/v2.92.0/gh_2.92.0_linux_arm64.tar.gz"
provenance = "github-attestations"

[tools.github-cli."platforms.linux-x64"]
checksum = "sha256:b57848131bdf0c229cd35e1f2a51aa718199858b2e728410b37e89a428943ec4"
url = "https://github.com/cli/cli/releases/download/v2.92.0/gh_2.92.0_linux_amd64.tar.gz"
provenance = "github-attestations"

[tools.github-cli."platforms.linux-x64-musl"]
checksum = "sha256:b57848131bdf0c229cd35e1f2a51aa718199858b2e728410b37e89a428943ec4"
url = "https://github.com/cli/cli/releases/download/v2.92.0/gh_2.92.0_linux_amd64.tar.gz"
provenance = "github-attestations"

[tools.github-cli."platforms.macos-arm64"]
checksum = "sha256:b11c54f6bd7d15ed6590475079e5b2fcf36f45d3991a80041b29c9d0cc1f1d07"
url = "https://github.com/cli/cli/releases/download/v2.92.0/gh_2.92.0_macOS_arm64.zip"
provenance = "github-attestations"

[tools.github-cli."platforms.macos-x64"]
checksum = "sha256:ae9bb327ab0d91071bdada79f8f14034a2a0f19b0e001835a782eafa519d2af0"
url = "https://github.com/cli/cli/releases/download/v2.92.0/gh_2.92.0_macOS_amd64.zip"
provenance = "github-attestations"

[tools.github-cli."platforms.windows-x64"]
checksum = "sha256:b6a8df3c8c6b9c80f290906387673bc4d272840f3789c5650e0e4e6e75522785"
url = "https://github.com/cli/cli/releases/download/v2.92.0/gh_2.92.0_windows_amd64.zip"
provenance = "github-attestations"

[[tools.poetry]]
version = "2.4.1"
backend = "vfox:mise-plugins/vfox-poetry"

[[tools.python]]
version = "3.14.5"
backend = "core:python"

[tools.python."platforms.linux-arm64"]
checksum = "sha256:1d3ea1b3cd9b8f3d53afb629e82e9bc8f6dab6cbb1a7d23524bd86ba5bc22570"
url = "https://github.com/astral-sh/python-build-standalone/releases/download/20260602/cpython-3.14.5+20260602-aarch64-unknown-linux-gnu-install_only_stripped.tar.gz"
provenance = "github-attestations"

[tools.python."platforms.linux-arm64-musl"]
checksum = "sha256:23dfd69917f1c693b7ce857f014a72da546c8132c277bb6ac98fdbe12334e221"
url = "https://github.com/astral-sh/python-build-standalone/releases/download/20260602/cpython-3.14.5+20260602-aarch64-unknown-linux-musl-install_only_stripped.tar.gz"
provenance = "github-attestations"

[tools.python."platforms.linux-x64"]
checksum = "sha256:982a60fc7f11bbe405ab54afcd4eb145f1134797bbbffac9f5c49df4ec98b13e"
url = "https://github.com/astral-sh/python-build-standalone/releases/download/20260602/cpython-3.14.5+20260602-x86_64-unknown-linux-gnu-install_only_stripped.tar.gz"
provenance = "github-attestations"

[tools.python."platforms.linux-x64-musl"]
checksum = "sha256:09fb97b20df0ed9336d39468007619b3458489c33fa4166b43155587b382f84a"
url = "https://github.com/astral-sh/python-build-standalone/releases/download/20260602/cpython-3.14.5+20260602-x86_64-unknown-linux-musl-install_only_stripped.tar.gz"
provenance = "github-attestations"

[tools.python."platforms.macos-arm64"]
checksum = "sha256:3a0373cc39fefd494754ef555267f245c720cddbaaabf63a7c9a4269f1e56532"
url = "https://github.com/astral-sh/python-build-standalone/releases/download/20260602/cpython-3.14.5+20260602-aarch64-apple-darwin-install_only_stripped.tar.gz"
provenance = "github-attestations"

[tools.python."platforms.macos-x64"]
checksum = "sha256:d44ff6ec301cabc91eb0c756b1948b28579fb07feba36aaf1990e535649d5ea6"
url = "https://github.com/astral-sh/python-build-standalone/releases/download/20260602/cpython-3.14.5+20260602-x86_64-apple-darwin-install_only_stripped.tar.gz"
provenance = "github-attestations"

[tools.python."platforms.windows-x64"]
checksum = "sha256:66b065143e538c07f069f764d831d8ffae95507907d4ca211304e6f3a056435c"
url = "https://github.com/astral-sh/python-build-standalone/releases/download/20260602/cpython-3.14.5+20260602-x86_64-pc-windows-msvc-install_only_stripped.tar.gz"
provenance = "github-attestations"
