# @generated - this file is auto-generated by `mise lock` https://mise.en.dev/dev-tools/mise-lock.html

[[tools."aqua:asciinema/agg"]]
version = "1.9.0"
backend = "aqua:asciinema/agg"

[tools."aqua:asciinema/agg"."platforms.linux-arm64"]
checksum = "sha256:2b4be407b97e00e1c313a41d154ced8fa3d02c560c8f47a0db4950a2576444c9"
url = "https://github.com/asciinema/agg/releases/download/v1.9.0/agg-aarch64-unknown-linux-gnu"

[tools."aqua:asciinema/agg"."platforms.linux-x64"]
checksum = "sha256:ddcbf6ca044c8ac3a434dcb9ee89fb9e3be87209982b7c2adb55f782e8f0f390"
url = "https://github.com/asciinema/agg/releases/download/v1.9.0/agg-x86_64-unknown-linux-musl"

[tools."aqua:asciinema/agg"."platforms.linux-x64-musl"]
checksum = "sha256:ddcbf6ca044c8ac3a434dcb9ee89fb9e3be87209982b7c2adb55f782e8f0f390"
url = "https://github.com/asciinema/agg/releases/download/v1.9.0/agg-x86_64-unknown-linux-musl"

[tools."aqua:asciinema/agg"."platforms.macos-arm64"]
checksum = "sha256:742b2b6230529b72f310acb835e9479496000f2eabc97b0993cabe1d7fe70171"
url = "https://github.com/asciinema/agg/releases/download/v1.9.0/agg-aarch64-apple-darwin"

[tools."aqua:asciinema/agg"."platforms.macos-x64"]
checksum = "sha256:1462150b611d231d2950d10a676303eaeb1019ff330735882aaae09b52e2e1c1"
url = "https://github.com/asciinema/agg/releases/download/v1.9.0/agg-x86_64-apple-darwin"

[tools."aqua:asciinema/agg"."platforms.windows-x64"]
checksum = "sha256:810baf5506e74ca65d8ed85be3db58791086c8b7b0a17c9018d7fede473f0055"
url = "https://github.com/asciinema/agg/releases/download/v1.9.0/agg-x86_64-pc-windows-msvc.exe"

[[tools."aqua:asciinema/asciinema"]]
version = "3.2.0"
backend = "aqua:asciinema/asciinema"

[tools."aqua:asciinema/asciinema"."platforms.linux-arm64"]
checksum = "sha256:f7f92769f7b4150df2835ddd4eda067b0786d0d734284a0f9c2aaa2514e8beb6"
url = "https://github.com/asciinema/asciinema/releases/download/v3.2.0/asciinema-aarch64-unknown-linux-gnu"

[tools."aqua:asciinema/asciinema"."platforms.linux-arm64-musl"]
checksum = "sha256:f7f92769f7b4150df2835ddd4eda067b0786d0d734284a0f9c2aaa2514e8beb6"
url = "https://github.com/asciinema/asciinema/releases/download/v3.2.0/asciinema-aarch64-unknown-linux-gnu"

[tools."aqua:asciinema/asciinema"."platforms.linux-x64"]
checksum = "sha256:34cf9ddb54df166878a213d5173af4d5f9df9564ab8b1054a080408bce0b720e"
url = "https://github.com/asciinema/asciinema/releases/download/v3.2.0/asciinema-x86_64-unknown-linux-musl"

[tools."aqua:asciinema/asciinema"."platforms.linux-x64-musl"]
checksum = "sha256:34cf9ddb54df166878a213d5173af4d5f9df9564ab8b1054a080408bce0b720e"
url = "https://github.com/asciinema/asciinema/releases/download/v3.2.0/asciinema-x86_64-unknown-linux-musl"

[tools."aqua:asciinema/asciinema"."platforms.macos-arm64"]
checksum = "sha256:bdde8367f343ed61fdc7fd942657bcd050b15cce67005f72e1a54b7fda20e5ea"
url = "https://github.com/asciinema/asciinema/releases/download/v3.2.0/asciinema-aarch64-apple-darwin"

[tools."aqua:asciinema/asciinema"."platforms.macos-x64"]
checksum = "sha256:a76ef31773c7f0f0e2fa18c0517dca571968b509156e6771df02c35f4279791f"
url = "https://github.com/asciinema/asciinema/releases/download/v3.2.0/asciinema-x86_64-apple-darwin"

[[tools.github-cli]]
version = "2.93.0"
backend = "aqua:cli/cli"

[tools.github-cli."platforms.linux-arm64"]
checksum = "sha256:c55feb33684abba57e9909737340d5b39282257c0363e1edde6785ac4a413be7"
url = "https://github.com/cli/cli/releases/download/v2.93.0/gh_2.93.0_linux_arm64.tar.gz"
provenance = "github-attestations"

[tools.github-cli."platforms.linux-arm64-musl"]
checksum = "sha256:c55feb33684abba57e9909737340d5b39282257c0363e1edde6785ac4a413be7"
url = "https://github.com/cli/cli/releases/download/v2.93.0/gh_2.93.0_linux_arm64.tar.gz"
provenance = "github-attestations"

[tools.github-cli."platforms.linux-x64"]
checksum = "sha256:02d1290eba130e0b896f3709ffff22e1c75a51475ddb70476a85abc6b5807af0"
url = "https://github.com/cli/cli/releases/download/v2.93.0/gh_2.93.0_linux_amd64.tar.gz"
provenance = "github-attestations"

[tools.github-cli."platforms.linux-x64-musl"]
checksum = "sha256:02d1290eba130e0b896f3709ffff22e1c75a51475ddb70476a85abc6b5807af0"
url = "https://github.com/cli/cli/releases/download/v2.93.0/gh_2.93.0_linux_amd64.tar.gz"
provenance = "github-attestations"

[tools.github-cli."platforms.macos-arm64"]
checksum = "sha256:a86be4e0a86c26456cf71177d6572d6f1165cf1679e532b72f7f15918ee51fd2"
url = "https://github.com/cli/cli/releases/download/v2.93.0/gh_2.93.0_macOS_arm64.zip"
provenance = "github-attestations"

[tools.github-cli."platforms.macos-x64"]
checksum = "sha256:009425b9d175c482037fe25181817fd6b1ea3ae1f51cfae0e18f29f33d3152ac"
url = "https://github.com/cli/cli/releases/download/v2.93.0/gh_2.93.0_macOS_amd64.zip"
provenance = "github-attestations"

[tools.github-cli."platforms.windows-x64"]
checksum = "sha256:77aa01ed7317295ad550de0ad04f3f276b1ef0e9272e3d002ac28dd99853d211"
url = "https://github.com/cli/cli/releases/download/v2.93.0/gh_2.93.0_windows_amd64.zip"
provenance = "github-attestations"

[[tools.poetry]]
version = "2.4.1"
backend = "vfox:mise-plugins/vfox-poetry"

[[tools.python]]
version = "3.14.5"
backend = "core:python"

[tools.python."platforms.linux-arm64"]
checksum = "sha256:1d3ea1b3cd9b8f3d53afb629e82e9bc8f6dab6cbb1a7d23524bd86ba5bc22570"
url = "https://github.com/astral-sh/python-build-standalone/releases/download/20260602/cpython-3.14.5+20260602-aarch64-unknown-linux-gnu-install_only_stripped.tar.gz"
provenance = "github-attestations"

[tools.python."platforms.linux-arm64-musl"]
checksum = "sha256:23dfd69917f1c693b7ce857f014a72da546c8132c277bb6ac98fdbe12334e221"
url = "https://github.com/astral-sh/python-build-standalone/releases/download/20260602/cpython-3.14.5+20260602-aarch64-unknown-linux-musl-install_only_stripped.tar.gz"
provenance = "github-attestations"

[tools.python."platforms.linux-x64"]
checksum = "sha256:982a60fc7f11bbe405ab54afcd4eb145f1134797bbbffac9f5c49df4ec98b13e"
url = "https://github.com/astral-sh/python-build-standalone/releases/download/20260602/cpython-3.14.5+20260602-x86_64-unknown-linux-gnu-install_only_stripped.tar.gz"
provenance = "github-attestations"

[tools.python."platforms.linux-x64-musl"]
checksum = "sha256:09fb97b20df0ed9336d39468007619b3458489c33fa4166b43155587b382f84a"
url = "https://github.com/astral-sh/python-build-standalone/releases/download/20260602/cpython-3.14.5+20260602-x86_64-unknown-linux-musl-install_only_stripped.tar.gz"
provenance = "github-attestations"

[tools.python."platforms.macos-arm64"]
checksum = "sha256:3a0373cc39fefd494754ef555267f245c720cddbaaabf63a7c9a4269f1e56532"
url = "https://github.com/astral-sh/python-build-standalone/releases/download/20260602/cpython-3.14.5+20260602-aarch64-apple-darwin-install_only_stripped.tar.gz"
provenance = "github-attestations"

[tools.python."platforms.macos-x64"]
checksum = "sha256:d44ff6ec301cabc91eb0c756b1948b28579fb07feba36aaf1990e535649d5ea6"
url = "https://github.com/astral-sh/python-build-standalone/releases/download/20260602/cpython-3.14.5+20260602-x86_64-apple-darwin-install_only_stripped.tar.gz"
provenance = "github-attestations"

[tools.python."platforms.windows-x64"]
checksum = "sha256:66b065143e538c07f069f764d831d8ffae95507907d4ca211304e6f3a056435c"
url = "https://github.com/astral-sh/python-build-standalone/releases/download/20260602/cpython-3.14.5+20260602-x86_64-pc-windows-msvc-install_only_stripped.tar.gz"
provenance = "github-attestations"
